
Microsoft Visual Studio Solution File, Format Version 12.00
# Visual Studio Version 17
VisualStudioVersion = 17.8.34511.84
MinimumVisualStudioVersion = 10.0.40219.1
Project("{FAE04EC0-301F-11D3-BF4B-00C04F79EFBC}") = "Evolution Simulator", "Evolution Simulator.csproj", "{BDF436AF-D60E-4DBC-A620-A32530440626}"
EndProject
Global
	GlobalSection(SolutionConfigurationPlatforms) = preSolution
		Debug|Any CPU = Debug|Any CPU
		Release|Any CPU = Release|Any CPU
	EndGlobalSection
	GlobalSection(ProjectConfigurationPlatforms) = postSolution
		{BDF436AF-D60E-4DBC-A620-A32530440626}.Debug|Any CPU.ActiveCfg = Debug|Any CPU
		{BDF436AF-D60E-4DBC-A620-A32530440626}.Debug|Any CPU.Build.0 = Debug|Any CPU
		{BDF436AF-D60E-4DBC-A620-A32530440626}.Release|Any CPU.ActiveCfg = Release|Any CPU
		{BDF436AF-D60E-4DBC-A620-A32530440626}.Release|Any CPU.Build.0 = Release|Any CPU
	EndGlobalSection
	GlobalSection(SolutionProperties) = preSolution
		HideSolutionNode = FALSE
	EndGlobalSection
	GlobalSection(ExtensibilityGlobals) = postSolution
		SolutionGuid = {244B72D2-1BDD-4892-B986-CA0A42FF4BF3}
	EndGlobalSection
EndGlobal
