
Microsoft Visual Studio Solution File, Format Version 12.00
# Visual Studio Version 17
VisualStudioVersion = 17.8.34511.84
MinimumVisualStudioVersion = 10.0.40219.1
Project("{FAE04EC0-301F-11D3-BF4B-00C04F79EFBC}") = "RenderingV2", "RenderingV2.csproj", "{9BEB1200-6486-4C05-A04C-8AAA60FF1C00}"
EndProject
Global
	GlobalSection(SolutionConfigurationPlatforms) = preSolution
		Debug|Any CPU = Debug|Any CPU
		Release|Any CPU = Release|Any CPU
	EndGlobalSection
	GlobalSection(ProjectConfigurationPlatforms) = postSolution
		{9BEB1200-6486-4C05-A04C-8AAA60FF1C00}.Debug|Any CPU.ActiveCfg = Debug|Any CPU
		{9BEB1200-6486-4C05-A04C-8AAA60FF1C00}.Debug|Any CPU.Build.0 = Debug|Any CPU
		{9BEB1200-6486-4C05-A04C-8AAA60FF1C00}.Release|Any CPU.ActiveCfg = Release|Any CPU
		{9BEB1200-6486-4C05-A04C-8AAA60FF1C00}.Release|Any CPU.Build.0 = Release|Any CPU
	EndGlobalSection
	GlobalSection(SolutionProperties) = preSolution
		HideSolutionNode = FALSE
	EndGlobalSection
	GlobalSection(ExtensibilityGlobals) = postSolution
		SolutionGuid = {C372AB48-23C1-4A04-B0DC-471D6B111133}
	EndGlobalSection
EndGlobal
