
Microsoft Visual Studio Solution File, Format Version 12.00
# Visual Studio Version 17
VisualStudioVersion = 17.8.34511.84
MinimumVisualStudioVersion = 10.0.40219.1
Project("{FAE04EC0-301F-11D3-BF4B-00C04F79EFBC}") = "CanvasTesting", "CanvasTesting.csproj", "{6FC537F2-2EAC-4698-B17A-A527206A202F}"
EndProject
Global
	GlobalSection(SolutionConfigurationPlatforms) = preSolution
		Debug|Any CPU = Debug|Any CPU
		Release|Any CPU = Release|Any CPU
	EndGlobalSection
	GlobalSection(ProjectConfigurationPlatforms) = postSolution
		{6FC537F2-2EAC-4698-B17A-A527206A202F}.Debug|Any CPU.ActiveCfg = Debug|Any CPU
		{6FC537F2-2EAC-4698-B17A-A527206A202F}.Debug|Any CPU.Build.0 = Debug|Any CPU
		{6FC537F2-2EAC-4698-B17A-A527206A202F}.Release|Any CPU.ActiveCfg = Release|Any CPU
		{6FC537F2-2EAC-4698-B17A-A527206A202F}.Release|Any CPU.Build.0 = Release|Any CPU
	EndGlobalSection
	GlobalSection(SolutionProperties) = preSolution
		HideSolutionNode = FALSE
	EndGlobalSection
	GlobalSection(ExtensibilityGlobals) = postSolution
		SolutionGuid = {C95822FA-7710-495E-9AF9-048A742034D0}
	EndGlobalSection
EndGlobal
