
Microsoft Visual Studio Solution File, Format Version 12.00
# Visual Studio Version 17
VisualStudioVersion = 17.0.32014.148
MinimumVisualStudioVersion = 10.0.40219.1
Project("{FAE04EC0-301F-11D3-BF4B-00C04F79EFBC}") = "PokemonOOP", "PokemonOOP.csproj", "{BB3CDEBC-A3DB-4348-858B-1B4E18A06DCB}"
EndProject
Global
	GlobalSection(SolutionConfigurationPlatforms) = preSolution
		Debug|Any CPU = Debug|Any CPU
		Release|Any CPU = Release|Any CPU
	EndGlobalSection
	GlobalSection(ProjectConfigurationPlatforms) = postSolution
		{BB3CDEBC-A3DB-4348-858B-1B4E18A06DCB}.Debug|Any CPU.ActiveCfg = Debug|Any CPU
		{BB3CDEBC-A3DB-4348-858B-1B4E18A06DCB}.Debug|Any CPU.Build.0 = Debug|Any CPU
		{BB3CDEBC-A3DB-4348-858B-1B4E18A06DCB}.Release|Any CPU.ActiveCfg = Release|Any CPU
		{BB3CDEBC-A3DB-4348-858B-1B4E18A06DCB}.Release|Any CPU.Build.0 = Release|Any CPU
	EndGlobalSection
	GlobalSection(SolutionProperties) = preSolution
		HideSolutionNode = FALSE
	EndGlobalSection
	GlobalSection(ExtensibilityGlobals) = postSolution
		SolutionGuid = {BFC81767-D4AB-4880-9682-BC2CAF88AD50}
	EndGlobalSection
EndGlobal
