
Microsoft Visual Studio Solution File, Format Version 12.00
# Visual Studio Version 17
VisualStudioVersion = 17.7.34031.279
MinimumVisualStudioVersion = 10.0.40219.1
Project("{FAE04EC0-301F-11D3-BF4B-00C04F79EFBC}") = "Task Set B", "Task Set B.csproj", "{ED4CB76F-9C29-4B3D-B6EA-81321DDC67F5}"
EndProject
Global
	GlobalSection(SolutionConfigurationPlatforms) = preSolution
		Debug|Any CPU = Debug|Any CPU
		Release|Any CPU = Release|Any CPU
	EndGlobalSection
	GlobalSection(ProjectConfigurationPlatforms) = postSolution
		{ED4CB76F-9C29-4B3D-B6EA-81321DDC67F5}.Debug|Any CPU.ActiveCfg = Debug|Any CPU
		{ED4CB76F-9C29-4B3D-B6EA-81321DDC67F5}.Debug|Any CPU.Build.0 = Debug|Any CPU
		{ED4CB76F-9C29-4B3D-B6EA-81321DDC67F5}.Release|Any CPU.ActiveCfg = Release|Any CPU
		{ED4CB76F-9C29-4B3D-B6EA-81321DDC67F5}.Release|Any CPU.Build.0 = Release|Any CPU
	EndGlobalSection
	GlobalSection(SolutionProperties) = preSolution
		HideSolutionNode = FALSE
	EndGlobalSection
	GlobalSection(ExtensibilityGlobals) = postSolution
		SolutionGuid = {71804EF1-C3DD-4A4A-AAD1-4F8A5B6FF887}
	EndGlobalSection
EndGlobal
