
Microsoft Visual Studio Solution File, Format Version 12.00
# Visual Studio Version 17
VisualStudioVersion = 17.9.34701.34
MinimumVisualStudioVersion = 10.0.40219.1
Project("{FAE04EC0-301F-11D3-BF4B-00C04F79EFBC}") = "SilkNET", "SilkNET.csproj", "{C951C4DF-7679-4BF4-8EB3-FB185F373A1E}"
EndProject
Global
	GlobalSection(SolutionConfigurationPlatforms) = preSolution
		Debug|Any CPU = Debug|Any CPU
		Release|Any CPU = Release|Any CPU
	EndGlobalSection
	GlobalSection(ProjectConfigurationPlatforms) = postSolution
		{C951C4DF-7679-4BF4-8EB3-FB185F373A1E}.Debug|Any CPU.ActiveCfg = Debug|Any CPU
		{C951C4DF-7679-4BF4-8EB3-FB185F373A1E}.Debug|Any CPU.Build.0 = Debug|Any CPU
		{C951C4DF-7679-4BF4-8EB3-FB185F373A1E}.Release|Any CPU.ActiveCfg = Release|Any CPU
		{C951C4DF-7679-4BF4-8EB3-FB185F373A1E}.Release|Any CPU.Build.0 = Release|Any CPU
	EndGlobalSection
	GlobalSection(SolutionProperties) = preSolution
		HideSolutionNode = FALSE
	EndGlobalSection
	GlobalSection(ExtensibilityGlobals) = postSolution
		SolutionGuid = {444EF593-6A7B-4F2C-A018-39AB7AD0597C}
	EndGlobalSection
EndGlobal
